
Microsoft Visual Studio Solution File, Format Version 12.00
# Visual Studio Version 17
VisualStudioVersion = 17.0.31903.59
MinimumVisualStudioVersion = 10.0.40219.1
Project("{FAE04EC0-301F-11D3-BF4B-00C04F79EFBC}") = "EmployeeManager.Api", "EmployeeManager.Api\EmployeeManager.Api.csproj", "{339BA98F-29B5-457A-8334-53ABA43E51F7}"
EndProject
Project("{FAE04EC0-301F-11D3-BF4B-00C04F79EFBC}") = "EmployeeManager.Domain", "EmployeeManager.Domain\EmployeeManager.Domain.csproj", "{0A27A880-776F-4CCB-AD46-C1F3D7E04C18}"
EndProject
Project("{FAE04EC0-301F-11D3-BF4B-00C04F79EFBC}") = "EmployeeManager.Application", "EmployeeManager.Application\EmployeeManager.Application.csproj", "{509938AA-2C9C-424C-89F5-3084ED5C9FB3}"
EndProject
Project("{FAE04EC0-301F-11D3-BF4B-00C04F79EFBC}") = "EmployeeManager.Infra", "EmployeeManager.Infra\EmployeeManager.Infra.csproj", "{61D2C756-935A-4BAB-B998-0370CBC93F39}"
EndProject
Project("{FAE04EC0-301F-11D3-BF4B-00C04F79EFBC}") = "EmployeeManager.IoC", "EmployeeManager.IoC\EmployeeManager.IoC.csproj", "{015DB4A2-EE62-4C0B-B202-87B6C15041BA}"
EndProject
Project("{2150E333-8FDC-42A3-9474-1A3956D46DE8}") = "Solution itens", "Solution itens", "{CE9329DD-0C7A-47C0-82F3-32085ADBFC44}"
EndProject
Project("{2150E333-8FDC-42A3-9474-1A3956D46DE8}") = "src", "src", "{57C59EAA-71BC-4BC3-BC20-5E7A024D7AC9}"
EndProject
Project("{2150E333-8FDC-42A3-9474-1A3956D46DE8}") = "Api", "Api", "{B9B12554-B385-474F-AA8C-4F26A29388E6}"
EndProject
Project("{2150E333-8FDC-42A3-9474-1A3956D46DE8}") = "Application", "Application", "{1AAD5D19-1B1C-46BE-9ABE-361E8D190B4C}"
EndProject
Project("{2150E333-8FDC-42A3-9474-1A3956D46DE8}") = "Domain", "Domain", "{B561AD84-D6F5-47BE-B24C-F8C401651240}"
EndProject
Project("{2150E333-8FDC-42A3-9474-1A3956D46DE8}") = "Infra", "Infra", "{E093B969-90D0-45A6-8480-57BF19D559B3}"
EndProject
Project("{2150E333-8FDC-42A3-9474-1A3956D46DE8}") = "IoC", "IoC", "{D000AEC7-68CD-42F6-8F44-604D76BE773D}"
EndProject
Global
	GlobalSection(SolutionConfigurationPlatforms) = preSolution
		Debug|Any CPU = Debug|Any CPU
		Release|Any CPU = Release|Any CPU
	EndGlobalSection
	GlobalSection(SolutionProperties) = preSolution
		HideSolutionNode = FALSE
	EndGlobalSection
	GlobalSection(ProjectConfigurationPlatforms) = postSolution
		{339BA98F-29B5-457A-8334-53ABA43E51F7}.Debug|Any CPU.ActiveCfg = Debug|Any CPU
		{339BA98F-29B5-457A-8334-53ABA43E51F7}.Debug|Any CPU.Build.0 = Debug|Any CPU
		{339BA98F-29B5-457A-8334-53ABA43E51F7}.Release|Any CPU.ActiveCfg = Release|Any CPU
		{339BA98F-29B5-457A-8334-53ABA43E51F7}.Release|Any CPU.Build.0 = Release|Any CPU
		{0A27A880-776F-4CCB-AD46-C1F3D7E04C18}.Debug|Any CPU.ActiveCfg = Debug|Any CPU
		{0A27A880-776F-4CCB-AD46-C1F3D7E04C18}.Debug|Any CPU.Build.0 = Debug|Any CPU
		{0A27A880-776F-4CCB-AD46-C1F3D7E04C18}.Release|Any CPU.ActiveCfg = Release|Any CPU
		{0A27A880-776F-4CCB-AD46-C1F3D7E04C18}.Release|Any CPU.Build.0 = Release|Any CPU
		{509938AA-2C9C-424C-89F5-3084ED5C9FB3}.Debug|Any CPU.ActiveCfg = Debug|Any CPU
		{509938AA-2C9C-424C-89F5-3084ED5C9FB3}.Debug|Any CPU.Build.0 = Debug|Any CPU
		{509938AA-2C9C-424C-89F5-3084ED5C9FB3}.Release|Any CPU.ActiveCfg = Release|Any CPU
		{509938AA-2C9C-424C-89F5-3084ED5C9FB3}.Release|Any CPU.Build.0 = Release|Any CPU
		{61D2C756-935A-4BAB-B998-0370CBC93F39}.Debug|Any CPU.ActiveCfg = Debug|Any CPU
		{61D2C756-935A-4BAB-B998-0370CBC93F39}.Debug|Any CPU.Build.0 = Debug|Any CPU
		{61D2C756-935A-4BAB-B998-0370CBC93F39}.Release|Any CPU.ActiveCfg = Release|Any CPU
		{61D2C756-935A-4BAB-B998-0370CBC93F39}.Release|Any CPU.Build.0 = Release|Any CPU
		{015DB4A2-EE62-4C0B-B202-87B6C15041BA}.Debug|Any CPU.ActiveCfg = Debug|Any CPU
		{015DB4A2-EE62-4C0B-B202-87B6C15041BA}.Debug|Any CPU.Build.0 = Debug|Any CPU
		{015DB4A2-EE62-4C0B-B202-87B6C15041BA}.Release|Any CPU.ActiveCfg = Release|Any CPU
		{015DB4A2-EE62-4C0B-B202-87B6C15041BA}.Release|Any CPU.Build.0 = Release|Any CPU
	EndGlobalSection
	GlobalSection(NestedProjects) = preSolution
		{57C59EAA-71BC-4BC3-BC20-5E7A024D7AC9} = {CE9329DD-0C7A-47C0-82F3-32085ADBFC44}
		{B9B12554-B385-474F-AA8C-4F26A29388E6} = {57C59EAA-71BC-4BC3-BC20-5E7A024D7AC9}
		{339BA98F-29B5-457A-8334-53ABA43E51F7} = {B9B12554-B385-474F-AA8C-4F26A29388E6}
		{1AAD5D19-1B1C-46BE-9ABE-361E8D190B4C} = {57C59EAA-71BC-4BC3-BC20-5E7A024D7AC9}
		{509938AA-2C9C-424C-89F5-3084ED5C9FB3} = {1AAD5D19-1B1C-46BE-9ABE-361E8D190B4C}
		{B561AD84-D6F5-47BE-B24C-F8C401651240} = {57C59EAA-71BC-4BC3-BC20-5E7A024D7AC9}
		{0A27A880-776F-4CCB-AD46-C1F3D7E04C18} = {B561AD84-D6F5-47BE-B24C-F8C401651240}
		{E093B969-90D0-45A6-8480-57BF19D559B3} = {57C59EAA-71BC-4BC3-BC20-5E7A024D7AC9}
		{61D2C756-935A-4BAB-B998-0370CBC93F39} = {E093B969-90D0-45A6-8480-57BF19D559B3}
		{D000AEC7-68CD-42F6-8F44-604D76BE773D} = {57C59EAA-71BC-4BC3-BC20-5E7A024D7AC9}
		{015DB4A2-EE62-4C0B-B202-87B6C15041BA} = {D000AEC7-68CD-42F6-8F44-604D76BE773D}
	EndGlobalSection
EndGlobal
